
Microsoft Visual Studio Solution File, Format Version 12.00
# Visual Studio Version 16
VisualStudioVersion = 16.0.30621.155
MinimumVisualStudioVersion = 10.0.40219.1
Project("{8BC9CEB8-8B4A-11D0-8D11-00A0C91BC942}") = "C++_2020-11-08_first", "C++_2020-11-08_first\C++_2020-11-08_first.vcxproj", "{CBD9F51B-1101-4EDA-9049-6F484595F3BE}"
EndProject
Global
	GlobalSection(SolutionConfigurationPlatforms) = preSolution
		Debug|x64 = Debug|x64
		Debug|x86 = Debug|x86
		Release|x64 = Release|x64
		Release|x86 = Release|x86
	EndGlobalSection
	GlobalSection(ProjectConfigurationPlatforms) = postSolution
		{CBD9F51B-1101-4EDA-9049-6F484595F3BE}.Debug|x64.ActiveCfg = Debug|x64
		{CBD9F51B-1101-4EDA-9049-6F484595F3BE}.Debug|x64.Build.0 = Debug|x64
		{CBD9F51B-1101-4EDA-9049-6F484595F3BE}.Debug|x86.ActiveCfg = Debug|Win32
		{CBD9F51B-1101-4EDA-9049-6F484595F3BE}.Debug|x86.Build.0 = Debug|Win32
		{CBD9F51B-1101-4EDA-9049-6F484595F3BE}.Release|x64.ActiveCfg = Release|x64
		{CBD9F51B-1101-4EDA-9049-6F484595F3BE}.Release|x64.Build.0 = Release|x64
		{CBD9F51B-1101-4EDA-9049-6F484595F3BE}.Release|x86.ActiveCfg = Release|Win32
		{CBD9F51B-1101-4EDA-9049-6F484595F3BE}.Release|x86.Build.0 = Release|Win32
	EndGlobalSection
	GlobalSection(SolutionProperties) = preSolution
		HideSolutionNode = FALSE
	EndGlobalSection
	GlobalSection(ExtensibilityGlobals) = postSolution
		SolutionGuid = {C2DEA5CB-2BCF-4FC9-94D5-65CBE7029CBC}
	EndGlobalSection
EndGlobal
